
Microsoft Visual Studio Solution File, Format Version 12.00
# Visual Studio Version 17
VisualStudioVersion = 17.11.35327.3
MinimumVisualStudioVersion = 10.0.40219.1
Project("{FAE04EC0-301F-11D3-BF4B-00C04F79EFBC}") = "DPM225506_NgoThiNhuY_Pattern22_TemplateMethod", "DPM225506_NgoThiNhuY_Pattern22_TemplateMethod\DPM225506_NgoThiNhuY_Pattern22_TemplateMethod.csproj", "{FEE16817-077B-4956-B6FF-72E668F22342}"
EndProject
Global
	GlobalSection(SolutionConfigurationPlatforms) = preSolution
		Debug|Any CPU = Debug|Any CPU
		Release|Any CPU = Release|Any CPU
	EndGlobalSection
	GlobalSection(ProjectConfigurationPlatforms) = postSolution
		{FEE16817-077B-4956-B6FF-72E668F22342}.Debug|Any CPU.ActiveCfg = Debug|Any CPU
		{FEE16817-077B-4956-B6FF-72E668F22342}.Debug|Any CPU.Build.0 = Debug|Any CPU
		{FEE16817-077B-4956-B6FF-72E668F22342}.Release|Any CPU.ActiveCfg = Release|Any CPU
		{FEE16817-077B-4956-B6FF-72E668F22342}.Release|Any CPU.Build.0 = Release|Any CPU
	EndGlobalSection
	GlobalSection(SolutionProperties) = preSolution
		HideSolutionNode = FALSE
	EndGlobalSection
	GlobalSection(ExtensibilityGlobals) = postSolution
		SolutionGuid = {FE534C52-9346-43B2-BD82-767AEBEE9E30}
	EndGlobalSection
EndGlobal
