
Microsoft Visual Studio Solution File, Format Version 12.00
# Visual Studio Version 17
VisualStudioVersion = 17.10.35027.167
MinimumVisualStudioVersion = 10.0.40219.1
Project("{FAE04EC0-301F-11D3-BF4B-00C04F79EFBC}") = "DPM225506_NgoThiNhuY_Pattern12_Proxy", "DPM225506_NgoThiNhuY_Pattern12_Proxy\DPM225506_NgoThiNhuY_Pattern12_Proxy.csproj", "{BB4536F8-2E42-4BD8-81AF-E5B9B8595C9E}"
EndProject
Global
	GlobalSection(SolutionConfigurationPlatforms) = preSolution
		Debug|Any CPU = Debug|Any CPU
		Release|Any CPU = Release|Any CPU
	EndGlobalSection
	GlobalSection(ProjectConfigurationPlatforms) = postSolution
		{BB4536F8-2E42-4BD8-81AF-E5B9B8595C9E}.Debug|Any CPU.ActiveCfg = Debug|Any CPU
		{BB4536F8-2E42-4BD8-81AF-E5B9B8595C9E}.Debug|Any CPU.Build.0 = Debug|Any CPU
		{BB4536F8-2E42-4BD8-81AF-E5B9B8595C9E}.Release|Any CPU.ActiveCfg = Release|Any CPU
		{BB4536F8-2E42-4BD8-81AF-E5B9B8595C9E}.Release|Any CPU.Build.0 = Release|Any CPU
	EndGlobalSection
	GlobalSection(SolutionProperties) = preSolution
		HideSolutionNode = FALSE
	EndGlobalSection
	GlobalSection(ExtensibilityGlobals) = postSolution
		SolutionGuid = {6F620015-6230-48D4-BBEC-89B876459D56}
	EndGlobalSection
EndGlobal
