
Microsoft Visual Studio Solution File, Format Version 12.00
# Visual Studio Version 17
VisualStudioVersion = 17.11.35327.3
MinimumVisualStudioVersion = 10.0.40219.1
Project("{FAE04EC0-301F-11D3-BF4B-00C04F79EFBC}") = "DPM225506_NgoThiNhuY_Real16_Iterator", "DPM225506_NgoThiNhuY_Real16_Iterator\DPM225506_NgoThiNhuY_Real16_Iterator.csproj", "{0FC93731-A83A-4B87-8159-313CCB6808E8}"
EndProject
Global
	GlobalSection(SolutionConfigurationPlatforms) = preSolution
		Debug|Any CPU = Debug|Any CPU
		Release|Any CPU = Release|Any CPU
	EndGlobalSection
	GlobalSection(ProjectConfigurationPlatforms) = postSolution
		{0FC93731-A83A-4B87-8159-313CCB6808E8}.Debug|Any CPU.ActiveCfg = Debug|Any CPU
		{0FC93731-A83A-4B87-8159-313CCB6808E8}.Debug|Any CPU.Build.0 = Debug|Any CPU
		{0FC93731-A83A-4B87-8159-313CCB6808E8}.Release|Any CPU.ActiveCfg = Release|Any CPU
		{0FC93731-A83A-4B87-8159-313CCB6808E8}.Release|Any CPU.Build.0 = Release|Any CPU
	EndGlobalSection
	GlobalSection(SolutionProperties) = preSolution
		HideSolutionNode = FALSE
	EndGlobalSection
	GlobalSection(ExtensibilityGlobals) = postSolution
		SolutionGuid = {DDE81792-AD1B-4A45-A351-D75BC0068A97}
	EndGlobalSection
EndGlobal
