
Microsoft Visual Studio Solution File, Format Version 12.00
# Visual Studio Version 17
VisualStudioVersion = 17.10.35027.167
MinimumVisualStudioVersion = 10.0.40219.1
Project("{FAE04EC0-301F-11D3-BF4B-00C04F79EFBC}") = "DPM225506_NgoThiNhuY_Real05_Singleton", "DPM225506_NgoThiNhuY_Real05_Singleton\DPM225506_NgoThiNhuY_Real05_Singleton.csproj", "{CA618C4C-C0C7-413F-9371-F26D03AA3A8F}"
EndProject
Global
	GlobalSection(SolutionConfigurationPlatforms) = preSolution
		Debug|Any CPU = Debug|Any CPU
		Release|Any CPU = Release|Any CPU
	EndGlobalSection
	GlobalSection(ProjectConfigurationPlatforms) = postSolution
		{CA618C4C-C0C7-413F-9371-F26D03AA3A8F}.Debug|Any CPU.ActiveCfg = Debug|Any CPU
		{CA618C4C-C0C7-413F-9371-F26D03AA3A8F}.Debug|Any CPU.Build.0 = Debug|Any CPU
		{CA618C4C-C0C7-413F-9371-F26D03AA3A8F}.Release|Any CPU.ActiveCfg = Release|Any CPU
		{CA618C4C-C0C7-413F-9371-F26D03AA3A8F}.Release|Any CPU.Build.0 = Release|Any CPU
	EndGlobalSection
	GlobalSection(SolutionProperties) = preSolution
		HideSolutionNode = FALSE
	EndGlobalSection
	GlobalSection(ExtensibilityGlobals) = postSolution
		SolutionGuid = {A9EFA5EE-74A7-4C5B-92F1-313239C0F900}
	EndGlobalSection
EndGlobal
