
Microsoft Visual Studio Solution File, Format Version 12.00
# Visual Studio Version 17
VisualStudioVersion = 17.10.35027.167
MinimumVisualStudioVersion = 10.0.40219.1
Project("{FAE04EC0-301F-11D3-BF4B-00C04F79EFBC}") = "Decorator", "Decorator\Decorator.csproj", "{2ECA904D-3FF1-4130-B2FC-658A16A2D6C8}"
EndProject
Project("{FAE04EC0-301F-11D3-BF4B-00C04F79EFBC}") = "Real_Decorator", "Real_Decorator\Real_Decorator.csproj", "{633C6DF6-39E9-4BD4-BD96-D0E60BAC3370}"
EndProject
Global
	GlobalSection(SolutionConfigurationPlatforms) = preSolution
		Debug|Any CPU = Debug|Any CPU
		Release|Any CPU = Release|Any CPU
	EndGlobalSection
	GlobalSection(ProjectConfigurationPlatforms) = postSolution
		{2ECA904D-3FF1-4130-B2FC-658A16A2D6C8}.Debug|Any CPU.ActiveCfg = Debug|Any CPU
		{2ECA904D-3FF1-4130-B2FC-658A16A2D6C8}.Debug|Any CPU.Build.0 = Debug|Any CPU
		{2ECA904D-3FF1-4130-B2FC-658A16A2D6C8}.Release|Any CPU.ActiveCfg = Release|Any CPU
		{2ECA904D-3FF1-4130-B2FC-658A16A2D6C8}.Release|Any CPU.Build.0 = Release|Any CPU
		{633C6DF6-39E9-4BD4-BD96-D0E60BAC3370}.Debug|Any CPU.ActiveCfg = Debug|Any CPU
		{633C6DF6-39E9-4BD4-BD96-D0E60BAC3370}.Debug|Any CPU.Build.0 = Debug|Any CPU
		{633C6DF6-39E9-4BD4-BD96-D0E60BAC3370}.Release|Any CPU.ActiveCfg = Release|Any CPU
		{633C6DF6-39E9-4BD4-BD96-D0E60BAC3370}.Release|Any CPU.Build.0 = Release|Any CPU
	EndGlobalSection
	GlobalSection(SolutionProperties) = preSolution
		HideSolutionNode = FALSE
	EndGlobalSection
	GlobalSection(ExtensibilityGlobals) = postSolution
		SolutionGuid = {21EAAF93-749C-4CE4-90B4-A7F2375DC043}
	EndGlobalSection
EndGlobal
