
Microsoft Visual Studio Solution File, Format Version 12.00
# Visual Studio Version 17
VisualStudioVersion = 17.10.35027.167
MinimumVisualStudioVersion = 10.0.40219.1
Project("{FAE04EC0-301F-11D3-BF4B-00C04F79EFBC}") = "Factory_Method", "Factory_Method\Factory_Method.csproj", "{AAC03AF8-3C62-463C-8994-5DBD6492AB1B}"
EndProject
Project("{FAE04EC0-301F-11D3-BF4B-00C04F79EFBC}") = "Real_Factory_Method", "Real_Factory_Method\Real_Factory_Method.csproj", "{018132C5-6FE2-4B1C-BB7E-36AB0BFDED38}"
EndProject
Global
	GlobalSection(SolutionConfigurationPlatforms) = preSolution
		Debug|Any CPU = Debug|Any CPU
		Release|Any CPU = Release|Any CPU
	EndGlobalSection
	GlobalSection(ProjectConfigurationPlatforms) = postSolution
		{AAC03AF8-3C62-463C-8994-5DBD6492AB1B}.Debug|Any CPU.ActiveCfg = Debug|Any CPU
		{AAC03AF8-3C62-463C-8994-5DBD6492AB1B}.Debug|Any CPU.Build.0 = Debug|Any CPU
		{AAC03AF8-3C62-463C-8994-5DBD6492AB1B}.Release|Any CPU.ActiveCfg = Release|Any CPU
		{AAC03AF8-3C62-463C-8994-5DBD6492AB1B}.Release|Any CPU.Build.0 = Release|Any CPU
		{018132C5-6FE2-4B1C-BB7E-36AB0BFDED38}.Debug|Any CPU.ActiveCfg = Debug|Any CPU
		{018132C5-6FE2-4B1C-BB7E-36AB0BFDED38}.Debug|Any CPU.Build.0 = Debug|Any CPU
		{018132C5-6FE2-4B1C-BB7E-36AB0BFDED38}.Release|Any CPU.ActiveCfg = Release|Any CPU
		{018132C5-6FE2-4B1C-BB7E-36AB0BFDED38}.Release|Any CPU.Build.0 = Release|Any CPU
	EndGlobalSection
	GlobalSection(SolutionProperties) = preSolution
		HideSolutionNode = FALSE
	EndGlobalSection
	GlobalSection(ExtensibilityGlobals) = postSolution
		SolutionGuid = {3F120A8B-E712-450B-BAA2-411668D49004}
	EndGlobalSection
EndGlobal
